
Microsoft Visual Studio Solution File, Format Version 12.00
# Visual Studio Version 16
VisualStudioVersion = 16.0.30011.22
MinimumVisualStudioVersion = 10.0.40219.1
Project("{FAE04EC0-301F-11D3-BF4B-00C04F79EFBC}") = "TestGoogleApi.GDrive", "TestGoogleApi.GDrive\TestGoogleApi.GDrive.csproj", "{BE7A7092-BF3D-4D1F-AE39-60C5652B35BF}"
EndProject
Global
	GlobalSection(SolutionConfigurationPlatforms) = preSolution
		Debug|Any CPU = Debug|Any CPU
		Release|Any CPU = Release|Any CPU
	EndGlobalSection
	GlobalSection(ProjectConfigurationPlatforms) = postSolution
		{BE7A7092-BF3D-4D1F-AE39-60C5652B35BF}.Debug|Any CPU.ActiveCfg = Debug|Any CPU
		{BE7A7092-BF3D-4D1F-AE39-60C5652B35BF}.Debug|Any CPU.Build.0 = Debug|Any CPU
		{BE7A7092-BF3D-4D1F-AE39-60C5652B35BF}.Release|Any CPU.ActiveCfg = Release|Any CPU
		{BE7A7092-BF3D-4D1F-AE39-60C5652B35BF}.Release|Any CPU.Build.0 = Release|Any CPU
	EndGlobalSection
	GlobalSection(SolutionProperties) = preSolution
		HideSolutionNode = FALSE
	EndGlobalSection
	GlobalSection(ExtensibilityGlobals) = postSolution
		SolutionGuid = {EF0CE057-1E3D-41AA-9BE0-A51FF97AB122}
	EndGlobalSection
EndGlobal
